
Microsoft Visual Studio Solution File, Format Version 12.00
# Visual Studio Version 17
VisualStudioVersion = 17.2.32516.85
MinimumVisualStudioVersion = 10.0.40219.1
Project("{9A19103F-16F7-4668-BE54-9A1E7A4F7556}") = "SteamPrefill", "SteamPrefill\SteamPrefill.csproj", "{39159C47-ACD3-449F-96CA-4F30C8ED147A}"
EndProject
Project("{2150E333-8FDC-42A3-9474-1A3956D46DE8}") = "External", "External", "{CDF51521-DDA8-4A24-8F05-3BC0F6FD0D1F}"
EndProject
Project("{9A19103F-16F7-4668-BE54-9A1E7A4F7556}") = "Spectre.Console", "External\SpectreConsole\src\Spectre.Console\Spectre.Console.csproj", "{BEC155F6-5CB0-49A1-9CAD-653B8A1FE3A5}"
EndProject
Project("{9A19103F-16F7-4668-BE54-9A1E7A4F7556}") = "Spectre.Console.Testing", "External\SpectreConsole\src\Spectre.Console.Testing\Spectre.Console.Testing.csproj", "{095FDF2A-4E6C-463D-A0F3-8DF465F116A2}"
EndProject
Project("{9A19103F-16F7-4668-BE54-9A1E7A4F7556}") = "Spectre.Console.Cli", "External\SpectreConsole\src\Spectre.Console.Cli\Spectre.Console.Cli.csproj", "{7AE1AD8A-DFA3-4E2D-9AB6-29483041A53F}"
EndProject
Project("{FAE04EC0-301F-11D3-BF4B-00C04F79EFBC}") = "Benchmark", "Benchmark\Benchmark.csproj", "{78EE459B-88D0-442E-A672-5C7F5B5EA081}"
EndProject
Project("{2150E333-8FDC-42A3-9474-1A3956D46DE8}") = ".Solution Items", ".Solution Items", "{78A93A29-C93D-4B62-AB36-1845BB4E797C}"
	ProjectSection(SolutionItems) = preProject
		README.md = README.md
	EndProjectSection
EndProject
Global
	GlobalSection(SolutionConfigurationPlatforms) = preSolution
		Debug|Any CPU = Debug|Any CPU
		Release|Any CPU = Release|Any CPU
	EndGlobalSection
	GlobalSection(ProjectConfigurationPlatforms) = postSolution
		{39159C47-ACD3-449F-96CA-4F30C8ED147A}.Debug|Any CPU.ActiveCfg = Debug|Any CPU
		{39159C47-ACD3-449F-96CA-4F30C8ED147A}.Debug|Any CPU.Build.0 = Debug|Any CPU
		{39159C47-ACD3-449F-96CA-4F30C8ED147A}.Release|Any CPU.ActiveCfg = Release|Any CPU
		{39159C47-ACD3-449F-96CA-4F30C8ED147A}.Release|Any CPU.Build.0 = Release|Any CPU
		{BEC155F6-5CB0-49A1-9CAD-653B8A1FE3A5}.Debug|Any CPU.ActiveCfg = Debug|Any CPU
		{BEC155F6-5CB0-49A1-9CAD-653B8A1FE3A5}.Debug|Any CPU.Build.0 = Debug|Any CPU
		{BEC155F6-5CB0-49A1-9CAD-653B8A1FE3A5}.Release|Any CPU.ActiveCfg = Release|Any CPU
		{BEC155F6-5CB0-49A1-9CAD-653B8A1FE3A5}.Release|Any CPU.Build.0 = Release|Any CPU
		{095FDF2A-4E6C-463D-A0F3-8DF465F116A2}.Debug|Any CPU.ActiveCfg = Debug|Any CPU
		{095FDF2A-4E6C-463D-A0F3-8DF465F116A2}.Debug|Any CPU.Build.0 = Debug|Any CPU
		{095FDF2A-4E6C-463D-A0F3-8DF465F116A2}.Release|Any CPU.ActiveCfg = Release|Any CPU
		{095FDF2A-4E6C-463D-A0F3-8DF465F116A2}.Release|Any CPU.Build.0 = Release|Any CPU
		{7AE1AD8A-DFA3-4E2D-9AB6-29483041A53F}.Debug|Any CPU.ActiveCfg = Debug|Any CPU
		{7AE1AD8A-DFA3-4E2D-9AB6-29483041A53F}.Debug|Any CPU.Build.0 = Debug|Any CPU
		{7AE1AD8A-DFA3-4E2D-9AB6-29483041A53F}.Release|Any CPU.ActiveCfg = Release|Any CPU
		{7AE1AD8A-DFA3-4E2D-9AB6-29483041A53F}.Release|Any CPU.Build.0 = Release|Any CPU
		{78EE459B-88D0-442E-A672-5C7F5B5EA081}.Debug|Any CPU.ActiveCfg = Debug|Any CPU
		{78EE459B-88D0-442E-A672-5C7F5B5EA081}.Debug|Any CPU.Build.0 = Debug|Any CPU
		{78EE459B-88D0-442E-A672-5C7F5B5EA081}.Release|Any CPU.ActiveCfg = Release|Any CPU
		{78EE459B-88D0-442E-A672-5C7F5B5EA081}.Release|Any CPU.Build.0 = Release|Any CPU
	EndGlobalSection
	GlobalSection(SolutionProperties) = preSolution
		HideSolutionNode = FALSE
	EndGlobalSection
	GlobalSection(NestedProjects) = preSolution
		{BEC155F6-5CB0-49A1-9CAD-653B8A1FE3A5} = {CDF51521-DDA8-4A24-8F05-3BC0F6FD0D1F}
		{095FDF2A-4E6C-463D-A0F3-8DF465F116A2} = {CDF51521-DDA8-4A24-8F05-3BC0F6FD0D1F}
		{7AE1AD8A-DFA3-4E2D-9AB6-29483041A53F} = {CDF51521-DDA8-4A24-8F05-3BC0F6FD0D1F}
	EndGlobalSection
	GlobalSection(ExtensibilityGlobals) = postSolution
		SolutionGuid = {4D4A514B-B97D-444E-84A5-16D52615DBF3}
	EndGlobalSection
EndGlobal
