
Microsoft Visual Studio Solution File, Format Version 12.00
# Visual Studio Version 17
VisualStudioVersion = 17.2.32516.85
MinimumVisualStudioVersion = 10.0.40219.1
Project("{9A19103F-16F7-4668-BE54-9A1E7A4F7556}") = "SteamPrefill", "SteamPrefill\SteamPrefill.csproj", "{39159C47-ACD3-449F-96CA-4F30C8ED147A}"
EndProject
Project("{2150E333-8FDC-42A3-9474-1A3956D46DE8}") = ".Solution Items", ".Solution Items", "{78A93A29-C93D-4B62-AB36-1845BB4E797C}"
	ProjectSection(SolutionItems) = preProject
		commands.json = commands.json
	EndProjectSection
EndProject
Project("{9A19103F-16F7-4668-BE54-9A1E7A4F7556}") = "SteamPrefill.Test", "SteamPrefill.Test\SteamPrefill.Test.csproj", "{E0EB88EE-A218-4062-8611-06652352F375}"
EndProject
Project("{2150E333-8FDC-42A3-9474-1A3956D46DE8}") = ".github", ".github", "{964C7C38-DF8F-4D47-AFD0-30B670EFA4AB}"
	ProjectSection(SolutionItems) = preProject
		.github\workflows\build-and-test.yml = .github\workflows\build-and-test.yml
		.github\workflows\deploy-documentation.yml = .github\workflows\deploy-documentation.yml
		.github\workflows\release-publish.yml = .github\workflows\release-publish.yml
	EndProjectSection
EndProject
Project("{9A19103F-16F7-4668-BE54-9A1E7A4F7556}") = "LancachePrefill.Common", "..\lancache-prefill-common\LancachePrefill.Common.csproj", "{79A8FB85-F2CE-4548-8CF4-0805314AF6E8}"
EndProject
Global
	GlobalSection(SolutionConfigurationPlatforms) = preSolution
		Debug|Any CPU = Debug|Any CPU
		Release|Any CPU = Release|Any CPU
	EndGlobalSection
	GlobalSection(ProjectConfigurationPlatforms) = postSolution
		{39159C47-ACD3-449F-96CA-4F30C8ED147A}.Debug|Any CPU.ActiveCfg = Debug|Any CPU
		{39159C47-ACD3-449F-96CA-4F30C8ED147A}.Debug|Any CPU.Build.0 = Debug|Any CPU
		{39159C47-ACD3-449F-96CA-4F30C8ED147A}.Release|Any CPU.ActiveCfg = Release|Any CPU
		{39159C47-ACD3-449F-96CA-4F30C8ED147A}.Release|Any CPU.Build.0 = Release|Any CPU
		{E0EB88EE-A218-4062-8611-06652352F375}.Debug|Any CPU.ActiveCfg = Debug|Any CPU
		{E0EB88EE-A218-4062-8611-06652352F375}.Debug|Any CPU.Build.0 = Debug|Any CPU
		{E0EB88EE-A218-4062-8611-06652352F375}.Release|Any CPU.ActiveCfg = Release|Any CPU
		{E0EB88EE-A218-4062-8611-06652352F375}.Release|Any CPU.Build.0 = Release|Any CPU
		{79A8FB85-F2CE-4548-8CF4-0805314AF6E8}.Debug|Any CPU.ActiveCfg = Debug|Any CPU
		{79A8FB85-F2CE-4548-8CF4-0805314AF6E8}.Debug|Any CPU.Build.0 = Debug|Any CPU
		{79A8FB85-F2CE-4548-8CF4-0805314AF6E8}.Release|Any CPU.ActiveCfg = Release|Any CPU
		{79A8FB85-F2CE-4548-8CF4-0805314AF6E8}.Release|Any CPU.Build.0 = Release|Any CPU
	EndGlobalSection
	GlobalSection(SolutionProperties) = preSolution
		HideSolutionNode = FALSE
	EndGlobalSection
	GlobalSection(NestedProjects) = preSolution
		{964C7C38-DF8F-4D47-AFD0-30B670EFA4AB} = {78A93A29-C93D-4B62-AB36-1845BB4E797C}
	EndGlobalSection
	GlobalSection(ExtensibilityGlobals) = postSolution
		SolutionGuid = {4D4A514B-B97D-444E-84A5-16D52615DBF3}
	EndGlobalSection
EndGlobal
